// !$*UTF8*$!
{
	archiveVersion = 1;
	classes = {
	};
	objectVersion = 46;
	objects = {

/* Begin PBXBuildFile section */
		260042551FD2AC0A00919747 /* paso.swift in Sources */ = {isa = PBXBuildFile; fileRef = 260042541FD2AC0A00919747 /* paso.swift */; };
		260042571FD2B0BA00919747 /* PasoCell.swift in Sources */ = {isa = PBXBuildFile; fileRef = 260042561FD2B0BA00919747 /* PasoCell.swift */; };
		260042591FD2B98B00919747 /* PasoVC.swift in Sources */ = {isa = PBXBuildFile; fileRef = 260042581FD2B98B00919747 /* PasoVC.swift */; };
		2600425C1FD30D1600919747 /* Assets.xcassets in Resources */ = {isa = PBXBuildFile; fileRef = 2600425B1FD30D1600919747 /* Assets.xcassets */; };
		26A1518C1FD1B70500E263BC /* AppDelegate.swift in Sources */ = {isa = PBXBuildFile; fileRef = 26A1518B1FD1B70500E263BC /* AppDelegate.swift */; };
		26A1518E1FD1B70500E263BC /* ViewController.swift in Sources */ = {isa = PBXBuildFile; fileRef = 26A1518D1FD1B70500E263BC /* ViewController.swift */; };
		26A151911FD1B70500E263BC /* Main.storyboard in Resources */ = {isa = PBXBuildFile; fileRef = 26A1518F1FD1B70500E263BC /* Main.storyboard */; };
		26A151941FD1B70500E263BC /* codersswag.xcdatamodeld in Sources */ = {isa = PBXBuildFile; fileRef = 26A151921FD1B70500E263BC /* codersswag.xcdatamodeld */; };
		26A151991FD1B70500E263BC /* LaunchScreen.storyboard in Resources */ = {isa = PBXBuildFile; fileRef = 26A151971FD1B70500E263BC /* LaunchScreen.storyboard */; };
		26A151A41FD1B70500E263BC /* codersswagTests.swift in Sources */ = {isa = PBXBuildFile; fileRef = 26A151A31FD1B70500E263BC /* codersswagTests.swift */; };
		26A151AF1FD1B70500E263BC /* codersswagUITests.swift in Sources */ = {isa = PBXBuildFile; fileRef = 26A151AE1FD1B70500E263BC /* codersswagUITests.swift */; };
		26A151C11FD1BD9500E263BC /* CategoryCell.swift in Sources */ = {isa = PBXBuildFile; fileRef = 26A151C01FD1BD9500E263BC /* CategoryCell.swift */; };
		26A151C31FD1C22B00E263BC /* Category.swift in Sources */ = {isa = PBXBuildFile; fileRef = 26A151C21FD1C22B00E263BC /* Category.swift */; };
		26A151C51FD1C5EA00E263BC /* DataService.swift in Sources */ = {isa = PBXBuildFile; fileRef = 26A151C41FD1C5EA00E263BC /* DataService.swift */; };
		26A151C71FD1FB2600E263BC /* Sessions.swift in Sources */ = {isa = PBXBuildFile; fileRef = 26A151C61FD1FB2600E263BC /* Sessions.swift */; };
		26A151C91FD1FC7900E263BC /* SessionsCell.swift in Sources */ = {isa = PBXBuildFile; fileRef = 26A151C81FD1FC7900E263BC /* SessionsCell.swift */; };
		26A151CB1FD1FD0B00E263BC /* SessionViewController.swift in Sources */ = {isa = PBXBuildFile; fileRef = 26A151CA1FD1FD0B00E263BC /* SessionViewController.swift */; };
		411942B01FD6AE33005EE9E3 /* WebView.swift in Sources */ = {isa = PBXBuildFile; fileRef = 411942AF1FD6AE33005EE9E3 /* WebView.swift */; };
		41BF96E41FD446F200DD3797 /* Sponsors.swift in Sources */ = {isa = PBXBuildFile; fileRef = 41BF96E31FD446F200DD3797 /* Sponsors.swift */; };
		41BF96E71FD4477600DD3797 /* SponsorsCell.swift in Sources */ = {isa = PBXBuildFile; fileRef = 41BF96E61FD4477600DD3797 /* SponsorsCell.swift */; };
		41BF96E91FD4492B00DD3797 /* SponsorsVC.swift in Sources */ = {isa = PBXBuildFile; fileRef = 41BF96E81FD4492B00DD3797 /* SponsorsVC.swift */; };
		41BF96EB1FD54D0B00DD3797 /* MapVC.swift in Sources */ = {isa = PBXBuildFile; fileRef = 41BF96EA1FD54D0B00DD3797 /* MapVC.swift */; };
/* End PBXBuildFile section */

/* Begin PBXContainerItemProxy section */
		26A151A01FD1B70500E263BC /* PBXContainerItemProxy */ = {
			isa = PBXContainerItemProxy;
			containerPortal = 26A151801FD1B70500E263BC /* Project object */;
			proxyType = 1;
			remoteGlobalIDString = 26A151871FD1B70500E263BC;
			remoteInfo = codersswag;
		};
		26A151AB1FD1B70500E263BC /* PBXContainerItemProxy */ = {
			isa = PBXContainerItemProxy;
			containerPortal = 26A151801FD1B70500E263BC /* Project object */;
			proxyType = 1;
			remoteGlobalIDString = 26A151871FD1B70500E263BC;
			remoteInfo = codersswag;
		};
/* End PBXContainerItemProxy section */

/* Begin PBXFileReference section */
		260042541FD2AC0A00919747 /* paso.swift */ = {isa = PBXFileReference; fileEncoding = 4; lastKnownFileType = sourcecode.swift; path = paso.swift; sourceTree = "<group>"; };
		260042561FD2B0BA00919747 /* PasoCell.swift */ = {isa = PBXFileReference; fileEncoding = 4; lastKnownFileType = sourcecode.swift; path = PasoCell.swift; sourceTree = "<group>"; };
		260042581FD2B98B00919747 /* PasoVC.swift */ = {isa = PBXFileReference; fileEncoding = 4; lastKnownFileType = sourcecode.swift; path = PasoVC.swift; sourceTree = "<group>"; };
		2600425B1FD30D1600919747 /* Assets.xcassets */ = {isa = PBXFileReference; lastKnownFileType = folder.assetcatalog; path = Assets.xcassets; sourceTree = "<group>"; };
		26A151881FD1B70500E263BC /* codersswag.app */ = {isa = PBXFileReference; explicitFileType = wrapper.application; includeInIndex = 0; path = codersswag.app; sourceTree = BUILT_PRODUCTS_DIR; };
		26A1518B1FD1B70500E263BC /* AppDelegate.swift */ = {isa = PBXFileReference; lastKnownFileType = sourcecode.swift; path = AppDelegate.swift; sourceTree = "<group>"; };
		26A1518D1FD1B70500E263BC /* ViewController.swift */ = {isa = PBXFileReference; lastKnownFileType = sourcecode.swift; path = ViewController.swift; sourceTree = "<group>"; };
		26A151901FD1B70500E263BC /* Base */ = {isa = PBXFileReference; lastKnownFileType = file.storyboard; name = Base; path = Base.lproj/Main.storyboard; sourceTree = "<group>"; };
		26A151931FD1B70500E263BC /* codersswag.xcdatamodel */ = {isa = PBXFileReference; lastKnownFileType = wrapper.xcdatamodel; path = codersswag.xcdatamodel; sourceTree = "<group>"; };
		26A151981FD1B70500E263BC /* Base */ = {isa = PBXFileReference; lastKnownFileType = file.storyboard; name = Base; path = Base.lproj/LaunchScreen.storyboard; sourceTree = "<group>"; };
		26A1519A1FD1B70500E263BC /* Info.plist */ = {isa = PBXFileReference; lastKnownFileType = text.plist.xml; path = Info.plist; sourceTree = "<group>"; };
		26A1519F1FD1B70500E263BC /* codersswagTests.xctest */ = {isa = PBXFileReference; explicitFileType = wrapper.cfbundle; includeInIndex = 0; path = codersswagTests.xctest; sourceTree = BUILT_PRODUCTS_DIR; };
		26A151A31FD1B70500E263BC /* codersswagTests.swift */ = {isa = PBXFileReference; lastKnownFileType = sourcecode.swift; path = codersswagTests.swift; sourceTree = "<group>"; };
		26A151A51FD1B70500E263BC /* Info.plist */ = {isa = PBXFileReference; lastKnownFileType = text.plist.xml; path = Info.plist; sourceTree = "<group>"; };
		26A151AA1FD1B70500E263BC /* codersswagUITests.xctest */ = {isa = PBXFileReference; explicitFileType = wrapper.cfbundle; includeInIndex = 0; path = codersswagUITests.xctest; sourceTree = BUILT_PRODUCTS_DIR; };
		26A151AE1FD1B70500E263BC /* codersswagUITests.swift */ = {isa = PBXFileReference; lastKnownFileType = sourcecode.swift; path = codersswagUITests.swift; sourceTree = "<group>"; };
		26A151B01FD1B70500E263BC /* Info.plist */ = {isa = PBXFileReference; lastKnownFileType = text.plist.xml; path = Info.plist; sourceTree = "<group>"; };
		26A151C01FD1BD9500E263BC /* CategoryCell.swift */ = {isa = PBXFileReference; fileEncoding = 4; lastKnownFileType = sourcecode.swift; path = CategoryCell.swift; sourceTree = "<group>"; };
		26A151C21FD1C22B00E263BC /* Category.swift */ = {isa = PBXFileReference; fileEncoding = 4; lastKnownFileType = sourcecode.swift; path = Category.swift; sourceTree = "<group>"; };
		26A151C41FD1C5EA00E263BC /* DataService.swift */ = {isa = PBXFileReference; fileEncoding = 4; lastKnownFileType = sourcecode.swift; path = DataService.swift; sourceTree = "<group>"; };
		26A151C61FD1FB2600E263BC /* Sessions.swift */ = {isa = PBXFileReference; fileEncoding = 4; lastKnownFileType = sourcecode.swift; path = Sessions.swift; sourceTree = "<group>"; };
		26A151C81FD1FC7900E263BC /* SessionsCell.swift */ = {isa = PBXFileReference; fileEncoding = 4; lastKnownFileType = sourcecode.swift; path = SessionsCell.swift; sourceTree = "<group>"; };
		26A151CA1FD1FD0B00E263BC /* SessionViewController.swift */ = {isa = PBXFileReference; fileEncoding = 4; lastKnownFileType = sourcecode.swift; path = SessionViewController.swift; sourceTree = "<group>"; };
		411942AF1FD6AE33005EE9E3 /* WebView.swift */ = {isa = PBXFileReference; lastKnownFileType = sourcecode.swift; path = WebView.swift; sourceTree = "<group>"; };
		41BF96E31FD446F200DD3797 /* Sponsors.swift */ = {isa = PBXFileReference; lastKnownFileType = sourcecode.swift; path = Sponsors.swift; sourceTree = "<group>"; };
		41BF96E61FD4477600DD3797 /* SponsorsCell.swift */ = {isa = PBXFileReference; lastKnownFileType = sourcecode.swift; path = SponsorsCell.swift; sourceTree = "<group>"; };
		41BF96E81FD4492B00DD3797 /* SponsorsVC.swift */ = {isa = PBXFileReference; lastKnownFileType = sourcecode.swift; path = SponsorsVC.swift; sourceTree = "<group>"; };
		41BF96EA1FD54D0B00DD3797 /* MapVC.swift */ = {isa = PBXFileReference; lastKnownFileType = sourcecode.swift; path = MapVC.swift; sourceTree = "<group>"; };
/* End PBXFileReference section */

/* Begin PBXFrameworksBuildPhase section */
		26A151851FD1B70500E263BC /* Frameworks */ = {
			isa = PBXFrameworksBuildPhase;
			buildActionMask = 2147483647;
			files = (
			);
			runOnlyForDeploymentPostprocessing = 0;
		};
		26A1519C1FD1B70500E263BC /* Frameworks */ = {
			isa = PBXFrameworksBuildPhase;
			buildActionMask = 2147483647;
			files = (
			);
			runOnlyForDeploymentPostprocessing = 0;
		};
		26A151A71FD1B70500E263BC /* Frameworks */ = {
			isa = PBXFrameworksBuildPhase;
			buildActionMask = 2147483647;
			files = (
			);
			runOnlyForDeploymentPostprocessing = 0;
		};
/* End PBXFrameworksBuildPhase section */

/* Begin PBXGroup section */
		26A1517F1FD1B70500E263BC = {
			isa = PBXGroup;
			children = (
				26A1518A1FD1B70500E263BC /* codersswag */,
				26A151A21FD1B70500E263BC /* codersswagTests */,
				26A151AD1FD1B70500E263BC /* codersswagUITests */,
				26A151891FD1B70500E263BC /* Products */,
			);
			sourceTree = "<group>";
		};
		26A151891FD1B70500E263BC /* Products */ = {
			isa = PBXGroup;
			children = (
				26A151881FD1B70500E263BC /* codersswag.app */,
				26A1519F1FD1B70500E263BC /* codersswagTests.xctest */,
				26A151AA1FD1B70500E263BC /* codersswagUITests.xctest */,
			);
			name = Products;
			sourceTree = "<group>";
		};
		26A1518A1FD1B70500E263BC /* codersswag */ = {
			isa = PBXGroup;
			children = (
				26A151BE1FD1BBF000E263BC /* Services */,
				26A151BF1FD1BBFF00E263BC /* Models */,
				26A151BD1FD1BBE200E263BC /* Views */,
				26A151BC1FD1BBD400E263BC /* Controllers */,
				26A1518B1FD1B70500E263BC /* AppDelegate.swift */,
				26A1518F1FD1B70500E263BC /* Main.storyboard */,
				26A151971FD1B70500E263BC /* LaunchScreen.storyboard */,
				26A1519A1FD1B70500E263BC /* Info.plist */,
				26A151921FD1B70500E263BC /* codersswag.xcdatamodeld */,
				2600425B1FD30D1600919747 /* Assets.xcassets */,
			);
			path = codersswag;
			sourceTree = "<group>";
		};
		26A151A21FD1B70500E263BC /* codersswagTests */ = {
			isa = PBXGroup;
			children = (
				26A151A31FD1B70500E263BC /* codersswagTests.swift */,
				26A151A51FD1B70500E263BC /* Info.plist */,
			);
			path = codersswagTests;
			sourceTree = "<group>";
		};
		26A151AD1FD1B70500E263BC /* codersswagUITests */ = {
			isa = PBXGroup;
			children = (
				26A151AE1FD1B70500E263BC /* codersswagUITests.swift */,
				26A151B01FD1B70500E263BC /* Info.plist */,
			);
			path = codersswagUITests;
			sourceTree = "<group>";
		};
		26A151BC1FD1BBD400E263BC /* Controllers */ = {
			isa = PBXGroup;
			children = (
				26A1518D1FD1B70500E263BC /* ViewController.swift */,
				26A151CA1FD1FD0B00E263BC /* SessionViewController.swift */,
				260042581FD2B98B00919747 /* PasoVC.swift */,
				41BF96E81FD4492B00DD3797 /* SponsorsVC.swift */,
				41BF96EA1FD54D0B00DD3797 /* MapVC.swift */,
				411942AF1FD6AE33005EE9E3 /* WebView.swift */,
			);
			name = Controllers;
			sourceTree = "<group>";
		};
		26A151BD1FD1BBE200E263BC /* Views */ = {
			isa = PBXGroup;
			children = (
				26A151C01FD1BD9500E263BC /* CategoryCell.swift */,
				26A151C81FD1FC7900E263BC /* SessionsCell.swift */,
				260042561FD2B0BA00919747 /* PasoCell.swift */,
				41BF96E61FD4477600DD3797 /* SponsorsCell.swift */,
			);
			name = Views;
			sourceTree = "<group>";
		};
		26A151BE1FD1BBF000E263BC /* Services */ = {
			isa = PBXGroup;
			children = (
				26A151C41FD1C5EA00E263BC /* DataService.swift */,
			);
			name = Services;
			sourceTree = "<group>";
		};
		26A151BF1FD1BBFF00E263BC /* Models */ = {
			isa = PBXGroup;
			children = (
				26A151C21FD1C22B00E263BC /* Category.swift */,
				26A151C61FD1FB2600E263BC /* Sessions.swift */,
				260042541FD2AC0A00919747 /* paso.swift */,
				41BF96E31FD446F200DD3797 /* Sponsors.swift */,
			);
			name = Models;
			sourceTree = "<group>";
		};
/* End PBXGroup section */

/* Begin PBXNativeTarget section */
		26A151871FD1B70500E263BC /* codersswag */ = {
			isa = PBXNativeTarget;
			buildConfigurationList = 26A151B31FD1B70500E263BC /* Build configuration list for PBXNativeTarget "codersswag" */;
			buildPhases = (
				26A151841FD1B70500E263BC /* Sources */,
				26A151851FD1B70500E263BC /* Frameworks */,
				26A151861FD1B70500E263BC /* Resources */,
			);
			buildRules = (
			);
			dependencies = (
			);
			name = codersswag;
			productName = codersswag;
			productReference = 26A151881FD1B70500E263BC /* codersswag.app */;
			productType = "com.apple.product-type.application";
		};
		26A1519E1FD1B70500E263BC /* codersswagTests */ = {
			isa = PBXNativeTarget;
			buildConfigurationList = 26A151B61FD1B70500E263BC /* Build configuration list for PBXNativeTarget "codersswagTests" */;
			buildPhases = (
				26A1519B1FD1B70500E263BC /* Sources */,
				26A1519C1FD1B70500E263BC /* Frameworks */,
				26A1519D1FD1B70500E263BC /* Resources */,
			);
			buildRules = (
			);
			dependencies = (
				26A151A11FD1B70500E263BC /* PBXTargetDependency */,
			);
			name = codersswagTests;
			productName = codersswagTests;
			productReference = 26A1519F1FD1B70500E263BC /* codersswagTests.xctest */;
			productType = "com.apple.product-type.bundle.unit-test";
		};
		26A151A91FD1B70500E263BC /* codersswagUITests */ = {
			isa = PBXNativeTarget;
			buildConfigurationList = 26A151B91FD1B70500E263BC /* Build configuration list for PBXNativeTarget "codersswagUITests" */;
			buildPhases = (
				26A151A61FD1B70500E263BC /* Sources */,
				26A151A71FD1B70500E263BC /* Frameworks */,
				26A151A81FD1B70500E263BC /* Resources */,
			);
			buildRules = (
			);
			dependencies = (
				26A151AC1FD1B70500E263BC /* PBXTargetDependency */,
			);
			name = codersswagUITests;
			productName = codersswagUITests;
			productReference = 26A151AA1FD1B70500E263BC /* codersswagUITests.xctest */;
			productType = "com.apple.product-type.bundle.ui-testing";
		};
/* End PBXNativeTarget section */

/* Begin PBXProject section */
		26A151801FD1B70500E263BC /* Project object */ = {
			isa = PBXProject;
			attributes = {
				LastSwiftUpdateCheck = 0810;
				LastUpgradeCheck = 0810;
				ORGANIZATIONNAME = GeniuPulse;
				TargetAttributes = {
					26A151871FD1B70500E263BC = {
						CreatedOnToolsVersion = 8.1;
						DevelopmentTeam = E5WD7UQ3TN;
						ProvisioningStyle = Automatic;
					};
					26A1519E1FD1B70500E263BC = {
						CreatedOnToolsVersion = 8.1;
						ProvisioningStyle = Automatic;
						TestTargetID = 26A151871FD1B70500E263BC;
					};
					26A151A91FD1B70500E263BC = {
						CreatedOnToolsVersion = 8.1;
						ProvisioningStyle = Automatic;
						TestTargetID = 26A151871FD1B70500E263BC;
					};
				};
			};
			buildConfigurationList = 26A151831FD1B70500E263BC /* Build configuration list for PBXProject "codersswag" */;
			compatibilityVersion = "Xcode 3.2";
			developmentRegion = English;
			hasScannedForEncodings = 0;
			knownRegions = (
				en,
				Base,
			);
			mainGroup = 26A1517F1FD1B70500E263BC;
			productRefGroup = 26A151891FD1B70500E263BC /* Products */;
			projectDirPath = "";
			projectRoot = "";
			targets = (
				26A151871FD1B70500E263BC /* codersswag */,
				26A1519E1FD1B70500E263BC /* codersswagTests */,
				26A151A91FD1B70500E263BC /* codersswagUITests */,
			);
		};
/* End PBXProject section */

/* Begin PBXResourcesBuildPhase section */
		26A151861FD1B70500E263BC /* Resources */ = {
			isa = PBXResourcesBuildPhase;
			buildActionMask = 2147483647;
			files = (
				26A151991FD1B70500E263BC /* LaunchScreen.storyboard in Resources */,
				2600425C1FD30D1600919747 /* Assets.xcassets in Resources */,
				26A151911FD1B70500E263BC /* Main.storyboard in Resources */,
			);
			runOnlyForDeploymentPostprocessing = 0;
		};
		26A1519D1FD1B70500E263BC /* Resources */ = {
			isa = PBXResourcesBuildPhase;
			buildActionMask = 2147483647;
			files = (
			);
			runOnlyForDeploymentPostprocessing = 0;
		};
		26A151A81FD1B70500E263BC /* Resources */ = {
			isa = PBXResourcesBuildPhase;
			buildActionMask = 2147483647;
			files = (
			);
			runOnlyForDeploymentPostprocessing = 0;
		};
/* End PBXResourcesBuildPhase section */

/* Begin PBXSourcesBuildPhase section */
		26A151841FD1B70500E263BC /* Sources */ = {
			isa = PBXSourcesBuildPhase;
			buildActionMask = 2147483647;
			files = (
				260042551FD2AC0A00919747 /* paso.swift in Sources */,
				41BF96E41FD446F200DD3797 /* Sponsors.swift in Sources */,
				26A1518E1FD1B70500E263BC /* ViewController.swift in Sources */,
				26A151C31FD1C22B00E263BC /* Category.swift in Sources */,
				26A151C71FD1FB2600E263BC /* Sessions.swift in Sources */,
				26A151CB1FD1FD0B00E263BC /* SessionViewController.swift in Sources */,
				26A151941FD1B70500E263BC /* codersswag.xcdatamodeld in Sources */,
				260042571FD2B0BA00919747 /* PasoCell.swift in Sources */,
				26A151C91FD1FC7900E263BC /* SessionsCell.swift in Sources */,
				26A151C51FD1C5EA00E263BC /* DataService.swift in Sources */,
				26A1518C1FD1B70500E263BC /* AppDelegate.swift in Sources */,
				411942B01FD6AE33005EE9E3 /* WebView.swift in Sources */,
				26A151C11FD1BD9500E263BC /* CategoryCell.swift in Sources */,
				41BF96E71FD4477600DD3797 /* SponsorsCell.swift in Sources */,
				41BF96EB1FD54D0B00DD3797 /* MapVC.swift in Sources */,
				260042591FD2B98B00919747 /* PasoVC.swift in Sources */,
				41BF96E91FD4492B00DD3797 /* SponsorsVC.swift in Sources */,
			);
			runOnlyForDeploymentPostprocessing = 0;
		};
		26A1519B1FD1B70500E263BC /* Sources */ = {
			isa = PBXSourcesBuildPhase;
			buildActionMask = 2147483647;
			files = (
				26A151A41FD1B70500E263BC /* codersswagTests.swift in Sources */,
			);
			runOnlyForDeploymentPostprocessing = 0;
		};
		26A151A61FD1B70500E263BC /* Sources */ = {
			isa = PBXSourcesBuildPhase;
			buildActionMask = 2147483647;
			files = (
				26A151AF1FD1B70500E263BC /* codersswagUITests.swift in Sources */,
			);
			runOnlyForDeploymentPostprocessing = 0;
		};
/* End PBXSourcesBuildPhase section */

/* Begin PBXTargetDependency section */
		26A151A11FD1B70500E263BC /* PBXTargetDependency */ = {
			isa = PBXTargetDependency;
			target = 26A151871FD1B70500E263BC /* codersswag */;
			targetProxy = 26A151A01FD1B70500E263BC /* PBXContainerItemProxy */;
		};
		26A151AC1FD1B70500E263BC /* PBXTargetDependency */ = {
			isa = PBXTargetDependency;
			target = 26A151871FD1B70500E263BC /* codersswag */;
			targetProxy = 26A151AB1FD1B70500E263BC /* PBXContainerItemProxy */;
		};
/* End PBXTargetDependency section */

/* Begin PBXVariantGroup section */
		26A1518F1FD1B70500E263BC /* Main.storyboard */ = {
			isa = PBXVariantGroup;
			children = (
				26A151901FD1B70500E263BC /* Base */,
			);
			name = Main.storyboard;
			sourceTree = "<group>";
		};
		26A151971FD1B70500E263BC /* LaunchScreen.storyboard */ = {
			isa = PBXVariantGroup;
			children = (
				26A151981FD1B70500E263BC /* Base */,
			);
			name = LaunchScreen.storyboard;
			sourceTree = "<group>";
		};
/* End PBXVariantGroup section */

/* Begin XCBuildConfiguration section */
		26A151B11FD1B70500E263BC /* Debug */ = {
			isa = XCBuildConfiguration;
			buildSettings = {
				ALWAYS_SEARCH_USER_PATHS = NO;
				CLANG_ANALYZER_NONNULL = YES;
				CLANG_CXX_LANGUAGE_STANDARD = "gnu++0x";
				CLANG_CXX_LIBRARY = "libc++";
				CLANG_ENABLE_MODULES = YES;
				CLANG_ENABLE_OBJC_ARC = YES;
				CLANG_WARN_BOOL_CONVERSION = YES;
				CLANG_WARN_CONSTANT_CONVERSION = YES;
				CLANG_WARN_DIRECT_OBJC_ISA_USAGE = YES_ERROR;
				CLANG_WARN_DOCUMENTATION_COMMENTS = YES;
				CLANG_WARN_EMPTY_BODY = YES;
				CLANG_WARN_ENUM_CONVERSION = YES;
				CLANG_WARN_INFINITE_RECURSION = YES;
				CLANG_WARN_INT_CONVERSION = YES;
				CLANG_WARN_OBJC_ROOT_CLASS = YES_ERROR;
				CLANG_WARN_SUSPICIOUS_MOVES = YES;
				CLANG_WARN_UNREACHABLE_CODE = YES;
				CLANG_WARN__DUPLICATE_METHOD_MATCH = YES;
				CODE_SIGN_IDENTITY = "iPhone Developer: nappy_boy.a@hotmail.fr (Z2S3UN3WL7)";
				"CODE_SIGN_IDENTITY[sdk=iphoneos*]" = "iPhone Developer";
				COPY_PHASE_STRIP = NO;
				DEBUG_INFORMATION_FORMAT = dwarf;
				ENABLE_STRICT_OBJC_MSGSEND = YES;
				ENABLE_TESTABILITY = YES;
				GCC_C_LANGUAGE_STANDARD = gnu99;
				GCC_DYNAMIC_NO_PIC = NO;
				GCC_NO_COMMON_BLOCKS = YES;
				GCC_OPTIMIZATION_LEVEL = 0;
				GCC_PREPROCESSOR_DEFINITIONS = (
					"DEBUG=1",
					"$(inherited)",
				);
				GCC_WARN_64_TO_32_BIT_CONVERSION = YES;
				GCC_WARN_ABOUT_RETURN_TYPE = YES_ERROR;
				GCC_WARN_UNDECLARED_SELECTOR = YES;
				GCC_WARN_UNINITIALIZED_AUTOS = YES_AGGRESSIVE;
				GCC_WARN_UNUSED_FUNCTION = YES;
				GCC_WARN_UNUSED_VARIABLE = YES;
				IPHONEOS_DEPLOYMENT_TARGET = 10.0;
				MTL_ENABLE_DEBUG_INFO = YES;
				ONLY_ACTIVE_ARCH = YES;
				SDKROOT = iphoneos;
				SWIFT_ACTIVE_COMPILATION_CONDITIONS = DEBUG;
				SWIFT_OPTIMIZATION_LEVEL = "-Onone";
				TARGETED_DEVICE_FAMILY = "1,2";
			};
			name = Debug;
		};
		26A151B21FD1B70500E263BC /* Release */ = {
			isa = XCBuildConfiguration;
			buildSettings = {
				ALWAYS_SEARCH_USER_PATHS = NO;
				CLANG_ANALYZER_NONNULL = YES;
				CLANG_CXX_LANGUAGE_STANDARD = "gnu++0x";
				CLANG_CXX_LIBRARY = "libc++";
				CLANG_ENABLE_MODULES = YES;
				CLANG_ENABLE_OBJC_ARC = YES;
				CLANG_WARN_BOOL_CONVERSION = YES;
				CLANG_WARN_CONSTANT_CONVERSION = YES;
				CLANG_WARN_DIRECT_OBJC_ISA_USAGE = YES_ERROR;
				CLANG_WARN_DOCUMENTATION_COMMENTS = YES;
				CLANG_WARN_EMPTY_BODY = YES;
				CLANG_WARN_ENUM_CONVERSION = YES;
				CLANG_WARN_INFINITE_RECURSION = YES;
				CLANG_WARN_INT_CONVERSION = YES;
				CLANG_WARN_OBJC_ROOT_CLASS = YES_ERROR;
				CLANG_WARN_SUSPICIOUS_MOVES = YES;
				CLANG_WARN_UNREACHABLE_CODE = YES;
				CLANG_WARN__DUPLICATE_METHOD_MATCH = YES;
				CODE_SIGN_IDENTITY = "iPhone Developer: nappy_boy.a@hotmail.fr (Z2S3UN3WL7)";
				"CODE_SIGN_IDENTITY[sdk=iphoneos*]" = "iPhone Developer";
				COPY_PHASE_STRIP = NO;
				DEBUG_INFORMATION_FORMAT = "dwarf-with-dsym";
				ENABLE_NS_ASSERTIONS = NO;
				ENABLE_STRICT_OBJC_MSGSEND = YES;
				GCC_C_LANGUAGE_STANDARD = gnu99;
				GCC_NO_COMMON_BLOCKS = YES;
				GCC_WARN_64_TO_32_BIT_CONVERSION = YES;
				GCC_WARN_ABOUT_RETURN_TYPE = YES_ERROR;
				GCC_WARN_UNDECLARED_SELECTOR = YES;
				GCC_WARN_UNINITIALIZED_AUTOS = YES_AGGRESSIVE;
				GCC_WARN_UNUSED_FUNCTION = YES;
				GCC_WARN_UNUSED_VARIABLE = YES;
				IPHONEOS_DEPLOYMENT_TARGET = 10.0;
				MTL_ENABLE_DEBUG_INFO = NO;
				SDKROOT = iphoneos;
				SWIFT_OPTIMIZATION_LEVEL = "-Owholemodule";
				TARGETED_DEVICE_FAMILY = "1,2";
				VALIDATE_PRODUCT = YES;
			};
			name = Release;
		};
		26A151B41FD1B70500E263BC /* Debug */ = {
			isa = XCBuildConfiguration;
			buildSettings = {
				ASSETCATALOG_COMPILER_APPICON_NAME = AppIcon;
				DEVELOPMENT_TEAM = E5WD7UQ3TN;
				INFOPLIST_FILE = codersswag/Info.plist;
				IPHONEOS_DEPLOYMENT_TARGET = 10.0;
				LD_RUNPATH_SEARCH_PATHS = "$(inherited) @executable_path/Frameworks";
				PRODUCT_BUNDLE_IDENTIFIER = allin.moukawill.me;
				PRODUCT_NAME = "$(TARGET_NAME)";
				SWIFT_VERSION = 3.0;
				TARGETED_DEVICE_FAMILY = "1,2";
			};
			name = Debug;
		};
		26A151B51FD1B70500E263BC /* Release */ = {
			isa = XCBuildConfiguration;
			buildSettings = {
				ASSETCATALOG_COMPILER_APPICON_NAME = AppIcon;
				DEVELOPMENT_TEAM = E5WD7UQ3TN;
				INFOPLIST_FILE = codersswag/Info.plist;
				IPHONEOS_DEPLOYMENT_TARGET = 10.0;
				LD_RUNPATH_SEARCH_PATHS = "$(inherited) @executable_path/Frameworks";
				PRODUCT_BUNDLE_IDENTIFIER = allin.moukawill.me;
				PRODUCT_NAME = "$(TARGET_NAME)";
				SWIFT_VERSION = 3.0;
				TARGETED_DEVICE_FAMILY = "1,2";
			};
			name = Release;
		};
		26A151B71FD1B70500E263BC /* Debug */ = {
			isa = XCBuildConfiguration;
			buildSettings = {
				ALWAYS_EMBED_SWIFT_STANDARD_LIBRARIES = YES;
				BUNDLE_LOADER = "$(TEST_HOST)";
				INFOPLIST_FILE = codersswagTests/Info.plist;
				LD_RUNPATH_SEARCH_PATHS = "$(inherited) @executable_path/Frameworks @loader_path/Frameworks";
				PRODUCT_BUNDLE_IDENTIFIER = com.geniuspulse.codersswagTests;
				PRODUCT_NAME = "$(TARGET_NAME)";
				SWIFT_VERSION = 3.0;
				TEST_HOST = "$(BUILT_PRODUCTS_DIR)/codersswag.app/codersswag";
			};
			name = Debug;
		};
		26A151B81FD1B70500E263BC /* Release */ = {
			isa = XCBuildConfiguration;
			buildSettings = {
				ALWAYS_EMBED_SWIFT_STANDARD_LIBRARIES = YES;
				BUNDLE_LOADER = "$(TEST_HOST)";
				INFOPLIST_FILE = codersswagTests/Info.plist;
				LD_RUNPATH_SEARCH_PATHS = "$(inherited) @executable_path/Frameworks @loader_path/Frameworks";
				PRODUCT_BUNDLE_IDENTIFIER = com.geniuspulse.codersswagTests;
				PRODUCT_NAME = "$(TARGET_NAME)";
				SWIFT_VERSION = 3.0;
				TEST_HOST = "$(BUILT_PRODUCTS_DIR)/codersswag.app/codersswag";
			};
			name = Release;
		};
		26A151BA1FD1B70500E263BC /* Debug */ = {
			isa = XCBuildConfiguration;
			buildSettings = {
				ALWAYS_EMBED_SWIFT_STANDARD_LIBRARIES = YES;
				INFOPLIST_FILE = codersswagUITests/Info.plist;
				LD_RUNPATH_SEARCH_PATHS = "$(inherited) @executable_path/Frameworks @loader_path/Frameworks";
				PRODUCT_BUNDLE_IDENTIFIER = com.geniuspulse.codersswagUITests;
				PRODUCT_NAME = "$(TARGET_NAME)";
				SWIFT_VERSION = 3.0;
				TEST_TARGET_NAME = codersswag;
			};
			name = Debug;
		};
		26A151BB1FD1B70500E263BC /* Release */ = {
			isa = XCBuildConfiguration;
			buildSettings = {
				ALWAYS_EMBED_SWIFT_STANDARD_LIBRARIES = YES;
				INFOPLIST_FILE = codersswagUITests/Info.plist;
				LD_RUNPATH_SEARCH_PATHS = "$(inherited) @executable_path/Frameworks @loader_path/Frameworks";
				PRODUCT_BUNDLE_IDENTIFIER = com.geniuspulse.codersswagUITests;
				PRODUCT_NAME = "$(TARGET_NAME)";
				SWIFT_VERSION = 3.0;
				TEST_TARGET_NAME = codersswag;
			};
			name = Release;
		};
/* End XCBuildConfiguration section */

/* Begin XCConfigurationList section */
		26A151831FD1B70500E263BC /* Build configuration list for PBXProject "codersswag" */ = {
			isa = XCConfigurationList;
			buildConfigurations = (
				26A151B11FD1B70500E263BC /* Debug */,
				26A151B21FD1B70500E263BC /* Release */,
			);
			defaultConfigurationIsVisible = 0;
			defaultConfigurationName = Release;
		};
		26A151B31FD1B70500E263BC /* Build configuration list for PBXNativeTarget "codersswag" */ = {
			isa = XCConfigurationList;
			buildConfigurations = (
				26A151B41FD1B70500E263BC /* Debug */,
				26A151B51FD1B70500E263BC /* Release */,
			);
			defaultConfigurationIsVisible = 0;
			defaultConfigurationName = Release;
		};
		26A151B61FD1B70500E263BC /* Build configuration list for PBXNativeTarget "codersswagTests" */ = {
			isa = XCConfigurationList;
			buildConfigurations = (
				26A151B71FD1B70500E263BC /* Debug */,
				26A151B81FD1B70500E263BC /* Release */,
			);
			defaultConfigurationIsVisible = 0;
			defaultConfigurationName = Release;
		};
		26A151B91FD1B70500E263BC /* Build configuration list for PBXNativeTarget "codersswagUITests" */ = {
			isa = XCConfigurationList;
			buildConfigurations = (
				26A151BA1FD1B70500E263BC /* Debug */,
				26A151BB1FD1B70500E263BC /* Release */,
			);
			defaultConfigurationIsVisible = 0;
			defaultConfigurationName = Release;
		};
/* End XCConfigurationList section */

/* Begin XCVersionGroup section */
		26A151921FD1B70500E263BC /* codersswag.xcdatamodeld */ = {
			isa = XCVersionGroup;
			children = (
				26A151931FD1B70500E263BC /* codersswag.xcdatamodel */,
			);
			currentVersion = 26A151931FD1B70500E263BC /* codersswag.xcdatamodel */;
			path = codersswag.xcdatamodeld;
			sourceTree = "<group>";
			versionGroupType = wrapper.xcdatamodel;
		};
/* End XCVersionGroup section */
	};
	rootObject = 26A151801FD1B70500E263BC /* Project object */;
}
